#MicroXplorer Configuration settings - do not modify
CAD.formats=
CAD.pinconfig=
CAD.provider=
Dma.LPUART1_RX.0.Direction=DMA_PERIPH_TO_MEMORY
Dma.LPUART1_RX.0.EventEnable=DISABLE
Dma.LPUART1_RX.0.Instance=DMA1_Channel1
Dma.LPUART1_RX.0.MemDataAlignment=DMA_MDATAALIGN_BYTE
Dma.LPUART1_RX.0.MemInc=DMA_MINC_ENABLE
Dma.LPUART1_RX.0.Mode=DMA_NORMAL
Dma.LPUART1_RX.0.PeriphDataAlignment=DMA_PDATAALIGN_BYTE
Dma.LPUART1_RX.0.PeriphInc=DMA_PINC_DISABLE
Dma.LPUART1_RX.0.Polarity=HAL_DMAMUX_REQ_GEN_RISING
Dma.LPUART1_RX.0.Priority=DMA_PRIORITY_LOW
Dma.LPUART1_RX.0.RequestNumber=1
Dma.LPUART1_RX.0.RequestParameters=Instance,Direction,PeriphInc,MemInc,PeriphDataAlignment,MemDataAlignment,Mode,Priority,SignalID,Polarity,RequestNumber,SyncSignalID,SyncPolarity,SyncEnable,EventEnable,SyncRequestNumber
Dma.LPUART1_RX.0.SignalID=NONE
Dma.LPUART1_RX.0.SyncEnable=DISABLE
Dma.LPUART1_RX.0.SyncPolarity=HAL_DMAMUX_SYNC_NO_EVENT
Dma.LPUART1_RX.0.SyncRequestNumber=1
Dma.LPUART1_RX.0.SyncSignalID=NONE
Dma.LPUART1_TX.1.Direction=DMA_MEMORY_TO_PERIPH
Dma.LPUART1_TX.1.EventEnable=DISABLE
Dma.LPUART1_TX.1.Instance=DMA1_Channel2
Dma.LPUART1_TX.1.MemDataAlignment=DMA_MDATAALIGN_BYTE
Dma.LPUART1_TX.1.MemInc=DMA_MINC_ENABLE
Dma.LPUART1_TX.1.Mode=DMA_NORMAL
Dma.LPUART1_TX.1.PeriphDataAlignment=DMA_PDATAALIGN_BYTE
Dma.LPUART1_TX.1.PeriphInc=DMA_PINC_DISABLE
Dma.LPUART1_TX.1.Polarity=HAL_DMAMUX_REQ_GEN_RISING
Dma.LPUART1_TX.1.Priority=DMA_PRIORITY_LOW
Dma.LPUART1_TX.1.RequestNumber=1
Dma.LPUART1_TX.1.RequestParameters=Instance,Direction,PeriphInc,MemInc,PeriphDataAlignment,MemDataAlignment,Mode,Priority,SignalID,Polarity,RequestNumber,SyncSignalID,SyncPolarity,SyncEnable,EventEnable,SyncRequestNumber
Dma.LPUART1_TX.1.SignalID=NONE
Dma.LPUART1_TX.1.SyncEnable=DISABLE
Dma.LPUART1_TX.1.SyncPolarity=HAL_DMAMUX_SYNC_NO_EVENT
Dma.LPUART1_TX.1.SyncRequestNumber=1
Dma.LPUART1_TX.1.SyncSignalID=NONE
Dma.Request0=LPUART1_RX
Dma.Request1=LPUART1_TX
Dma.Request10=UART5_RX
Dma.Request11=UART5_TX
Dma.Request2=USART1_RX
Dma.Request3=USART1_TX
Dma.Request4=USART2_RX
Dma.Request5=USART2_TX
Dma.Request6=USART3_RX
Dma.Request7=USART3_TX
Dma.Request8=UART4_RX
Dma.Request9=UART4_TX
Dma.RequestsNb=12
Dma.UART4_RX.8.Direction=DMA_PERIPH_TO_MEMORY
Dma.UART4_RX.8.EventEnable=DISABLE
Dma.UART4_RX.8.Instance=DMA2_Channel1
Dma.UART4_RX.8.MemDataAlignment=DMA_MDATAALIGN_BYTE
Dma.UART4_RX.8.MemInc=DMA_MINC_ENABLE
Dma.UART4_RX.8.Mode=DMA_NORMAL
Dma.UART4_RX.8.PeriphDataAlignment=DMA_PDATAALIGN_BYTE
Dma.UART4_RX.8.PeriphInc=DMA_PINC_DISABLE
Dma.UART4_RX.8.Polarity=HAL_DMAMUX_REQ_GEN_RISING
Dma.UART4_RX.8.Priority=DMA_PRIORITY_LOW
Dma.UART4_RX.8.RequestNumber=1
Dma.UART4_RX.8.RequestParameters=Instance,Direction,PeriphInc,MemInc,PeriphDataAlignment,MemDataAlignment,Mode,Priority,SignalID,Polarity,RequestNumber,SyncSignalID,SyncPolarity,SyncEnable,EventEnable,SyncRequestNumber
Dma.UART4_RX.8.SignalID=NONE
Dma.UART4_RX.8.SyncEnable=DISABLE
Dma.UART4_RX.8.SyncPolarity=HAL_DMAMUX_SYNC_NO_EVENT
Dma.UART4_RX.8.SyncRequestNumber=1
Dma.UART4_RX.8.SyncSignalID=NONE
Dma.UART4_TX.9.Direction=DMA_MEMORY_TO_PERIPH
Dma.UART4_TX.9.EventEnable=DISABLE
Dma.UART4_TX.9.Instance=DMA2_Channel2
Dma.UART4_TX.9.MemDataAlignment=DMA_MDATAALIGN_BYTE
Dma.UART4_TX.9.MemInc=DMA_MINC_ENABLE
Dma.UART4_TX.9.Mode=DMA_NORMAL
Dma.UART4_TX.9.PeriphDataAlignment=DMA_PDATAALIGN_BYTE
Dma.UART4_TX.9.PeriphInc=DMA_PINC_DISABLE
Dma.UART4_TX.9.Polarity=HAL_DMAMUX_REQ_GEN_RISING
Dma.UART4_TX.9.Priority=DMA_PRIORITY_LOW
Dma.UART4_TX.9.RequestNumber=1
Dma.UART4_TX.9.RequestParameters=Instance,Direction,PeriphInc,MemInc,PeriphDataAlignment,MemDataAlignment,Mode,Priority,SignalID,Polarity,RequestNumber,SyncSignalID,SyncPolarity,SyncEnable,EventEnable,SyncRequestNumber
Dma.UART4_TX.9.SignalID=NONE
Dma.UART4_TX.9.SyncEnable=DISABLE
Dma.UART4_TX.9.SyncPolarity=HAL_DMAMUX_SYNC_NO_EVENT
Dma.UART4_TX.9.SyncRequestNumber=1
Dma.UART4_TX.9.SyncSignalID=NONE
Dma.UART5_RX.10.Direction=DMA_PERIPH_TO_MEMORY
Dma.UART5_RX.10.EventEnable=DISABLE
Dma.UART5_RX.10.Instance=DMA2_Channel3
Dma.UART5_RX.10.MemDataAlignment=DMA_MDATAALIGN_BYTE
Dma.UART5_RX.10.MemInc=DMA_MINC_ENABLE
Dma.UART5_RX.10.Mode=DMA_NORMAL
Dma.UART5_RX.10.PeriphDataAlignment=DMA_PDATAALIGN_BYTE
Dma.UART5_RX.10.PeriphInc=DMA_PINC_DISABLE
Dma.UART5_RX.10.Polarity=HAL_DMAMUX_REQ_GEN_RISING
Dma.UART5_RX.10.Priority=DMA_PRIORITY_LOW
Dma.UART5_RX.10.RequestNumber=1
Dma.UART5_RX.10.RequestParameters=Instance,Direction,PeriphInc,MemInc,PeriphDataAlignment,MemDataAlignment,Mode,Priority,SignalID,Polarity,RequestNumber,SyncSignalID,SyncPolarity,SyncEnable,EventEnable,SyncRequestNumber
Dma.UART5_RX.10.SignalID=NONE
Dma.UART5_RX.10.SyncEnable=DISABLE
Dma.UART5_RX.10.SyncPolarity=HAL_DMAMUX_SYNC_NO_EVENT
Dma.UART5_RX.10.SyncRequestNumber=1
Dma.UART5_RX.10.SyncSignalID=NONE
Dma.UART5_TX.11.Direction=DMA_MEMORY_TO_PERIPH
Dma.UART5_TX.11.EventEnable=DISABLE
Dma.UART5_TX.11.Instance=DMA2_Channel4
Dma.UART5_TX.11.MemDataAlignment=DMA_MDATAALIGN_BYTE
Dma.UART5_TX.11.MemInc=DMA_MINC_ENABLE
Dma.UART5_TX.11.Mode=DMA_NORMAL
Dma.UART5_TX.11.PeriphDataAlignment=DMA_PDATAALIGN_BYTE
Dma.UART5_TX.11.PeriphInc=DMA_PINC_DISABLE
Dma.UART5_TX.11.Polarity=HAL_DMAMUX_REQ_GEN_RISING
Dma.UART5_TX.11.Priority=DMA_PRIORITY_LOW
Dma.UART5_TX.11.RequestNumber=1
Dma.UART5_TX.11.RequestParameters=Instance,Direction,PeriphInc,MemInc,PeriphDataAlignment,MemDataAlignment,Mode,Priority,SignalID,Polarity,RequestNumber,SyncSignalID,SyncPolarity,SyncEnable,EventEnable,SyncRequestNumber
Dma.UART5_TX.11.SignalID=NONE
Dma.UART5_TX.11.SyncEnable=DISABLE
Dma.UART5_TX.11.SyncPolarity=HAL_DMAMUX_SYNC_NO_EVENT
Dma.UART5_TX.11.SyncRequestNumber=1
Dma.UART5_TX.11.SyncSignalID=NONE
Dma.USART1_RX.2.Direction=DMA_PERIPH_TO_MEMORY
Dma.USART1_RX.2.EventEnable=DISABLE
Dma.USART1_RX.2.Instance=DMA1_Channel3
Dma.USART1_RX.2.MemDataAlignment=DMA_MDATAALIGN_BYTE
Dma.USART1_RX.2.MemInc=DMA_MINC_ENABLE
Dma.USART1_RX.2.Mode=DMA_NORMAL
Dma.USART1_RX.2.PeriphDataAlignment=DMA_PDATAALIGN_BYTE
Dma.USART1_RX.2.PeriphInc=DMA_PINC_DISABLE
Dma.USART1_RX.2.Polarity=HAL_DMAMUX_REQ_GEN_RISING
Dma.USART1_RX.2.Priority=DMA_PRIORITY_LOW
Dma.USART1_RX.2.RequestNumber=1
Dma.USART1_RX.2.RequestParameters=Instance,Direction,PeriphInc,MemInc,PeriphDataAlignment,MemDataAlignment,Mode,Priority,SignalID,Polarity,RequestNumber,SyncSignalID,SyncPolarity,SyncEnable,EventEnable,SyncRequestNumber
Dma.USART1_RX.2.SignalID=NONE
Dma.USART1_RX.2.SyncEnable=DISABLE
Dma.USART1_RX.2.SyncPolarity=HAL_DMAMUX_SYNC_NO_EVENT
Dma.USART1_RX.2.SyncRequestNumber=1
Dma.USART1_RX.2.SyncSignalID=NONE
Dma.USART1_TX.3.Direction=DMA_MEMORY_TO_PERIPH
Dma.USART1_TX.3.EventEnable=DISABLE
Dma.USART1_TX.3.Instance=DMA1_Channel4
Dma.USART1_TX.3.MemDataAlignment=DMA_MDATAALIGN_BYTE
Dma.USART1_TX.3.MemInc=DMA_MINC_ENABLE
Dma.USART1_TX.3.Mode=DMA_NORMAL
Dma.USART1_TX.3.PeriphDataAlignment=DMA_PDATAALIGN_BYTE
Dma.USART1_TX.3.PeriphInc=DMA_PINC_DISABLE
Dma.USART1_TX.3.Polarity=HAL_DMAMUX_REQ_GEN_RISING
Dma.USART1_TX.3.Priority=DMA_PRIORITY_LOW
Dma.USART1_TX.3.RequestNumber=1
Dma.USART1_TX.3.RequestParameters=Instance,Direction,PeriphInc,MemInc,PeriphDataAlignment,MemDataAlignment,Mode,Priority,SignalID,Polarity,RequestNumber,SyncSignalID,SyncPolarity,SyncEnable,EventEnable,SyncRequestNumber
Dma.USART1_TX.3.SignalID=NONE
Dma.USART1_TX.3.SyncEnable=DISABLE
Dma.USART1_TX.3.SyncPolarity=HAL_DMAMUX_SYNC_NO_EVENT
Dma.USART1_TX.3.SyncRequestNumber=1
Dma.USART1_TX.3.SyncSignalID=NONE
Dma.USART2_RX.4.Direction=DMA_PERIPH_TO_MEMORY
Dma.USART2_RX.4.EventEnable=DISABLE
Dma.USART2_RX.4.Instance=DMA1_Channel5
Dma.USART2_RX.4.MemDataAlignment=DMA_MDATAALIGN_BYTE
Dma.USART2_RX.4.MemInc=DMA_MINC_ENABLE
Dma.USART2_RX.4.Mode=DMA_NORMAL
Dma.USART2_RX.4.PeriphDataAlignment=DMA_PDATAALIGN_BYTE
Dma.USART2_RX.4.PeriphInc=DMA_PINC_DISABLE
Dma.USART2_RX.4.Polarity=HAL_DMAMUX_REQ_GEN_RISING
Dma.USART2_RX.4.Priority=DMA_PRIORITY_LOW
Dma.USART2_RX.4.RequestNumber=1
Dma.USART2_RX.4.RequestParameters=Instance,Direction,PeriphInc,MemInc,PeriphDataAlignment,MemDataAlignment,Mode,Priority,SignalID,Polarity,RequestNumber,SyncSignalID,SyncPolarity,SyncEnable,EventEnable,SyncRequestNumber
Dma.USART2_RX.4.SignalID=NONE
Dma.USART2_RX.4.SyncEnable=DISABLE
Dma.USART2_RX.4.SyncPolarity=HAL_DMAMUX_SYNC_NO_EVENT
Dma.USART2_RX.4.SyncRequestNumber=1
Dma.USART2_RX.4.SyncSignalID=NONE
Dma.USART2_TX.5.Direction=DMA_MEMORY_TO_PERIPH
Dma.USART2_TX.5.EventEnable=DISABLE
Dma.USART2_TX.5.Instance=DMA1_Channel6
Dma.USART2_TX.5.MemDataAlignment=DMA_MDATAALIGN_BYTE
Dma.USART2_TX.5.MemInc=DMA_MINC_ENABLE
Dma.USART2_TX.5.Mode=DMA_NORMAL
Dma.USART2_TX.5.PeriphDataAlignment=DMA_PDATAALIGN_BYTE
Dma.USART2_TX.5.PeriphInc=DMA_PINC_DISABLE
Dma.USART2_TX.5.Polarity=HAL_DMAMUX_REQ_GEN_RISING
Dma.USART2_TX.5.Priority=DMA_PRIORITY_LOW
Dma.USART2_TX.5.RequestNumber=1
Dma.USART2_TX.5.RequestParameters=Instance,Direction,PeriphInc,MemInc,PeriphDataAlignment,MemDataAlignment,Mode,Priority,SignalID,Polarity,RequestNumber,SyncSignalID,SyncPolarity,SyncEnable,EventEnable,SyncRequestNumber
Dma.USART2_TX.5.SignalID=NONE
Dma.USART2_TX.5.SyncEnable=DISABLE
Dma.USART2_TX.5.SyncPolarity=HAL_DMAMUX_SYNC_NO_EVENT
Dma.USART2_TX.5.SyncRequestNumber=1
Dma.USART2_TX.5.SyncSignalID=NONE
Dma.USART3_RX.6.Direction=DMA_PERIPH_TO_MEMORY
Dma.USART3_RX.6.EventEnable=DISABLE
Dma.USART3_RX.6.Instance=DMA1_Channel7
Dma.USART3_RX.6.MemDataAlignment=DMA_MDATAALIGN_BYTE
Dma.USART3_RX.6.MemInc=DMA_MINC_ENABLE
Dma.USART3_RX.6.Mode=DMA_NORMAL
Dma.USART3_RX.6.PeriphDataAlignment=DMA_PDATAALIGN_BYTE
Dma.USART3_RX.6.PeriphInc=DMA_PINC_DISABLE
Dma.USART3_RX.6.Polarity=HAL_DMAMUX_REQ_GEN_RISING
Dma.USART3_RX.6.Priority=DMA_PRIORITY_LOW
Dma.USART3_RX.6.RequestNumber=1
Dma.USART3_RX.6.RequestParameters=Instance,Direction,PeriphInc,MemInc,PeriphDataAlignment,MemDataAlignment,Mode,Priority,SignalID,Polarity,RequestNumber,SyncSignalID,SyncPolarity,SyncEnable,EventEnable,SyncRequestNumber
Dma.USART3_RX.6.SignalID=NONE
Dma.USART3_RX.6.SyncEnable=DISABLE
Dma.USART3_RX.6.SyncPolarity=HAL_DMAMUX_SYNC_NO_EVENT
Dma.USART3_RX.6.SyncRequestNumber=1
Dma.USART3_RX.6.SyncSignalID=NONE
Dma.USART3_TX.7.Direction=DMA_MEMORY_TO_PERIPH
Dma.USART3_TX.7.EventEnable=DISABLE
Dma.USART3_TX.7.Instance=DMA1_Channel8
Dma.USART3_TX.7.MemDataAlignment=DMA_MDATAALIGN_BYTE
Dma.USART3_TX.7.MemInc=DMA_MINC_ENABLE
Dma.USART3_TX.7.Mode=DMA_NORMAL
Dma.USART3_TX.7.PeriphDataAlignment=DMA_PDATAALIGN_BYTE
Dma.USART3_TX.7.PeriphInc=DMA_PINC_DISABLE
Dma.USART3_TX.7.Polarity=HAL_DMAMUX_REQ_GEN_RISING
Dma.USART3_TX.7.Priority=DMA_PRIORITY_LOW
Dma.USART3_TX.7.RequestNumber=1
Dma.USART3_TX.7.RequestParameters=Instance,Direction,PeriphInc,MemInc,PeriphDataAlignment,MemDataAlignment,Mode,Priority,SignalID,Polarity,RequestNumber,SyncSignalID,SyncPolarity,SyncEnable,EventEnable,SyncRequestNumber
Dma.USART3_TX.7.SignalID=NONE
Dma.USART3_TX.7.SyncEnable=DISABLE
Dma.USART3_TX.7.SyncPolarity=HAL_DMAMUX_SYNC_NO_EVENT
Dma.USART3_TX.7.SyncRequestNumber=1
Dma.USART3_TX.7.SyncSignalID=NONE
File.Version=6
GPIO.groupedBy=Group By Peripherals
KeepUserPlacement=false
LPUART1.BaudRate=115200
LPUART1.IPParameters=BaudRate
Mcu.CPN=STM32G474RET3
Mcu.Family=STM32G4
Mcu.IP0=DMA
Mcu.IP1=LPUART1
Mcu.IP10=USB
Mcu.IP2=NVIC
Mcu.IP3=RCC
Mcu.IP4=SYS
Mcu.IP5=UART4
Mcu.IP6=UART5
Mcu.IP7=USART1
Mcu.IP8=USART2
Mcu.IP9=USART3
Mcu.IPNb=11
Mcu.Name=STM32G474R(B-C-E)Tx
Mcu.Package=LQFP64
Mcu.Pin0=PF0-OSC_IN
Mcu.Pin1=PF1-OSC_OUT
Mcu.Pin10=PB11
Mcu.Pin11=PA9
Mcu.Pin12=PA10
Mcu.Pin13=PA11
Mcu.Pin14=PA12
Mcu.Pin15=PA13
Mcu.Pin16=PA14
Mcu.Pin17=PC10
Mcu.Pin18=PC11
Mcu.Pin19=PC12
Mcu.Pin2=PC0
Mcu.Pin20=PD2
Mcu.Pin21=PB3
Mcu.Pin22=VP_SYS_VS_Systick
Mcu.Pin23=VP_SYS_VS_DBSignals
Mcu.Pin3=PC1
Mcu.Pin4=PA2
Mcu.Pin5=PA3
Mcu.Pin6=PC4
Mcu.Pin7=PC5
Mcu.Pin8=PB0
Mcu.Pin9=PB10
Mcu.PinsNb=24
Mcu.ThirdPartyNb=0
Mcu.UserConstants=
Mcu.UserName=STM32G474RETx
MxCube.Version=6.16.1
MxDb.Version=DB.6.0.161
NVIC.BusFault_IRQn=true\:0\:0\:false\:false\:true\:false\:false\:false
NVIC.DMA1_Channel1_IRQn=true\:0\:0\:false\:false\:true\:false\:true\:true
NVIC.DMA1_Channel2_IRQn=true\:0\:0\:false\:false\:true\:false\:true\:true
NVIC.DMA1_Channel3_IRQn=true\:0\:0\:false\:false\:true\:false\:true\:true
NVIC.DMA1_Channel4_IRQn=true\:0\:0\:false\:false\:true\:false\:true\:true
NVIC.DMA1_Channel5_IRQn=true\:0\:0\:false\:false\:true\:false\:true\:true
NVIC.DMA1_Channel6_IRQn=true\:0\:0\:false\:false\:true\:false\:true\:true
NVIC.DMA1_Channel7_IRQn=true\:0\:0\:false\:false\:true\:false\:true\:true
NVIC.DMA1_Channel8_IRQn=true\:0\:0\:false\:false\:true\:false\:true\:true
NVIC.DMA2_Channel1_IRQn=true\:0\:0\:false\:false\:true\:false\:true\:true
NVIC.DMA2_Channel2_IRQn=true\:0\:0\:false\:false\:true\:false\:true\:true
NVIC.DMA2_Channel3_IRQn=true\:0\:0\:false\:false\:true\:false\:true\:true
NVIC.DMA2_Channel4_IRQn=true\:0\:0\:false\:false\:true\:false\:true\:true
NVIC.DebugMonitor_IRQn=true\:0\:0\:false\:false\:true\:false\:false\:false
NVIC.ForceEnableDMAVector=true
NVIC.HardFault_IRQn=true\:0\:0\:false\:false\:true\:false\:false\:false
NVIC.LPUART1_IRQn=true\:0\:0\:false\:false\:true\:true\:true\:true
NVIC.MemoryManagement_IRQn=true\:0\:0\:false\:false\:true\:false\:false\:false
NVIC.NonMaskableInt_IRQn=true\:0\:0\:false\:false\:true\:false\:false\:false
NVIC.PendSV_IRQn=true\:0\:0\:false\:false\:true\:false\:false\:false
NVIC.PriorityGroup=NVIC_PRIORITYGROUP_4
NVIC.SVCall_IRQn=true\:0\:0\:false\:false\:true\:false\:false\:false
NVIC.SysTick_IRQn=true\:15\:0\:false\:false\:true\:false\:true\:false
NVIC.UART4_IRQn=true\:0\:0\:false\:false\:true\:true\:true\:true
NVIC.UART5_IRQn=true\:0\:0\:false\:false\:true\:true\:true\:true
NVIC.USART1_IRQn=true\:0\:0\:false\:false\:true\:true\:true\:true
NVIC.USART3_IRQn=true\:0\:0\:false\:false\:true\:true\:true\:true
NVIC.USB_HP_IRQn=true\:0\:0\:false\:false\:true\:true\:true\:true
NVIC.USB_LP_IRQn=true\:0\:0\:false\:false\:true\:true\:true\:true
NVIC.UsageFault_IRQn=true\:0\:0\:false\:false\:true\:false\:false\:false
PA10.GPIOParameters=GPIO_Label
PA10.GPIO_Label=DP_PULLUP
PA10.Locked=true
PA10.Signal=GPIO_Output
PA11.Mode=Device
PA11.Signal=USB_DM
PA12.Mode=Device
PA12.Signal=USB_DP
PA13.Mode=Trace_Asynchronous_SW
PA13.Signal=SYS_JTMS-SWDIO
PA14.Mode=Trace_Asynchronous_SW
PA14.Signal=SYS_JTCK-SWCLK
PA2.Mode=Asynchronous
PA2.Signal=USART2_TX
PA3.Mode=Asynchronous
PA3.Signal=USART2_RX
PA9.GPIOParameters=GPIO_Label
PA9.GPIO_Label=VBUS_SENSE
PA9.Locked=true
PA9.Signal=GPXTI9
PB0.GPIOParameters=GPIO_Label
PB0.GPIO_Label=USER_LED
PB0.Locked=true
PB0.Signal=GPIO_Output
PB10.Mode=Asynchronous
PB10.Signal=USART3_TX
PB11.Mode=Asynchronous
PB11.Signal=USART3_RX
PB3.Mode=Trace_Asynchronous_SW
PB3.Signal=SYS_JTDO-SWO
PC0.Mode=Asynchronous
PC0.Signal=LPUART1_RX
PC1.Mode=Asynchronous
PC1.Signal=LPUART1_TX
PC10.Mode=Asynchronous
PC10.Signal=UART4_TX
PC11.Mode=Asynchronous
PC11.Signal=UART4_RX
PC12.Mode=Asynchronous
PC12.Signal=UART5_TX
PC4.Mode=Asynchronous
PC4.Signal=USART1_TX
PC5.Mode=Asynchronous
PC5.Signal=USART1_RX
PD2.Mode=Asynchronous
PD2.Signal=UART5_RX
PF0-OSC_IN.Mode=HSE-External-Oscillator
PF0-OSC_IN.Signal=RCC_OSC_IN
PF1-OSC_OUT.Mode=HSE-External-Oscillator
PF1-OSC_OUT.Signal=RCC_OSC_OUT
PinOutPanel.RotationAngle=0
ProjectManager.AskForMigrate=true
ProjectManager.BackupPrevious=false
ProjectManager.CompilerLinker=GCC
ProjectManager.CompilerOptimize=6
ProjectManager.ComputerToolchain=false
ProjectManager.CoupleFile=false
ProjectManager.CustomerFirmwarePackage=
ProjectManager.DefaultFWLocation=true
ProjectManager.DeletePrevious=true
ProjectManager.DeviceId=STM32G474RETx
ProjectManager.FirmwarePackage=STM32Cube FW_G4 V1.6.1
ProjectManager.FreePins=false
ProjectManager.FreePinsContext=
ProjectManager.HalAssertFull=false
ProjectManager.HeapSize=0x200
ProjectManager.KeepUserCode=true
ProjectManager.LastFirmware=false
ProjectManager.LibraryCopy=1
ProjectManager.MainLocation=Core/Src
ProjectManager.NoMain=false
ProjectManager.PreviousToolchain=
ProjectManager.ProjectBuild=false
ProjectManager.ProjectFileName=UartBoard.ioc
ProjectManager.ProjectName=UartBoard
ProjectManager.ProjectStructure=
ProjectManager.RegisterCallBack=
ProjectManager.StackSize=0x400
ProjectManager.TargetToolchain=CMake
ProjectManager.ToolChainLocation=
ProjectManager.UAScriptAfterPath=
ProjectManager.UAScriptBeforePath=
ProjectManager.UnderRoot=false
ProjectManager.functionlistsort=1-SystemClock_Config-RCC-false-HAL-false,2-MX_GPIO_Init-GPIO-false-HAL-true,3-MX_DMA_Init-DMA-false-HAL-true,4-MX_LPUART1_UART_Init-LPUART1-false-HAL-true,5-MX_UART4_Init-UART4-false-HAL-true,6-MX_UART5_Init-UART5-false-HAL-true,7-MX_USART1_UART_Init-USART1-false-HAL-true,8-MX_USART3_UART_Init-USART3-false-HAL-true,9-MX_USB_PCD_Init-USB-false-HAL-true,10-MX_USART2_UART_Init-USART2-false-HAL-true
RCC.ADC12Freq_Value=96000000
RCC.ADC345Freq_Value=96000000
RCC.AHBFreq_Value=96000000
RCC.APB1Freq_Value=96000000
RCC.APB1TimFreq_Value=96000000
RCC.APB2Freq_Value=96000000
RCC.APB2TimFreq_Value=96000000
RCC.CRSFreq_Value=48000000
RCC.CortexFreq_Value=96000000
RCC.EXTERNAL_CLOCK_VALUE=12288000
RCC.FCLKCortexFreq_Value=96000000
RCC.FDCANFreq_Value=96000000
RCC.FamilyName=M
RCC.HCLKFreq_Value=96000000
RCC.HSE_VALUE=16000000
RCC.HSI48_VALUE=48000000
RCC.HSI_VALUE=16000000
RCC.I2C1Freq_Value=96000000
RCC.I2C2Freq_Value=96000000
RCC.I2C3Freq_Value=96000000
RCC.I2C4Freq_Value=96000000
RCC.I2SFreq_Value=96000000
RCC.IPParameters=ADC12Freq_Value,ADC345Freq_Value,AHBFreq_Value,APB1Freq_Value,APB1TimFreq_Value,APB2Freq_Value,APB2TimFreq_Value,CRSFreq_Value,CortexFreq_Value,EXTERNAL_CLOCK_VALUE,FCLKCortexFreq_Value,FDCANFreq_Value,FamilyName,HCLKFreq_Value,HSE_VALUE,HSI48_VALUE,HSI_VALUE,I2C1Freq_Value,I2C2Freq_Value,I2C3Freq_Value,I2C4Freq_Value,I2SFreq_Value,LPTIM1Freq_Value,LPUART1Freq_Value,LSCOPinFreq_Value,LSE_VALUE,LSI_VALUE,MCO1PinFreq_Value,PLLN,PLLPoutputFreq_Value,PLLQ,PLLQoutputFreq_Value,PLLRCLKFreq_Value,PLLSourceVirtual,PWRFreq_Value,QSPIFreq_Value,RNGFreq_Value,SAI1Freq_Value,SYSCLKFreq_VALUE,SYSCLKSource,UART4Freq_Value,UART5Freq_Value,USART1Freq_Value,USART2Freq_Value,USART3Freq_Value,USBFreq_Value,VCOInputFreq_Value,VCOOutputFreq_Value
RCC.LPTIM1Freq_Value=96000000
RCC.LPUART1Freq_Value=96000000
RCC.LSCOPinFreq_Value=32000
RCC.LSE_VALUE=32768
RCC.LSI_VALUE=32000
RCC.MCO1PinFreq_Value=16000000
RCC.PLLN=12
RCC.PLLPoutputFreq_Value=96000000
RCC.PLLQ=RCC_PLLQ_DIV4
RCC.PLLQoutputFreq_Value=48000000
RCC.PLLRCLKFreq_Value=96000000
RCC.PLLSourceVirtual=RCC_PLLSOURCE_HSE
RCC.PWRFreq_Value=96000000
RCC.QSPIFreq_Value=96000000
RCC.RNGFreq_Value=48000000
RCC.SAI1Freq_Value=96000000
RCC.SYSCLKFreq_VALUE=96000000
RCC.SYSCLKSource=RCC_SYSCLKSOURCE_PLLCLK
RCC.UART4Freq_Value=96000000
RCC.UART5Freq_Value=96000000
RCC.USART1Freq_Value=96000000
RCC.USART2Freq_Value=96000000
RCC.USART3Freq_Value=96000000
RCC.USBFreq_Value=48000000
RCC.VCOInputFreq_Value=16000000
RCC.VCOOutputFreq_Value=192000000
SH.GPXTI9.0=GPIO_EXTI9
SH.GPXTI9.ConfNb=1
USART1.IPParameters=VirtualMode-Asynchronous
USART1.VirtualMode-Asynchronous=VM_ASYNC
USART2.IPParameters=VirtualMode-Asynchronous
USART2.VirtualMode-Asynchronous=VM_ASYNC
USART3.IPParameters=VirtualMode-Asynchronous
USART3.VirtualMode-Asynchronous=VM_ASYNC
VP_SYS_VS_DBSignals.Mode=DisableDeadBatterySignals
VP_SYS_VS_DBSignals.Signal=SYS_VS_DBSignals
VP_SYS_VS_Systick.Mode=SysTick
VP_SYS_VS_Systick.Signal=SYS_VS_Systick
board=custom
